// !$*UTF8*$!
{
	archiveVersion = 1;
	classes = {
	};
	objectVersion = 56;
	objects = {

/* Begin PBXBuildFile section */
		41E8F2DA2A7CCDF10077ED22 /* TravelAppApp.swift in Sources */ = {isa = PBXBuildFile; fileRef = 41E8F2D92A7CCDF10077ED22 /* TravelAppApp.swift */; };
		41E8F2DC2A7CCDF10077ED22 /* ContentView.swift in Sources */ = {isa = PBXBuildFile; fileRef = 41E8F2DB2A7CCDF10077ED22 /* ContentView.swift */; };
		41E8F2DE2A7CCDF60077ED22 /* Assets.xcassets in Resources */ = {isa = PBXBuildFile; fileRef = 41E8F2DD2A7CCDF60077ED22 /* Assets.xcassets */; };
		41E8F2E12A7CCDF60077ED22 /* Preview Assets.xcassets in Resources */ = {isa = PBXBuildFile; fileRef = 41E8F2E02A7CCDF60077ED22 /* Preview Assets.xcassets */; };
		41E8F2E82A7CCE310077ED22 /* WelcomeView.swift in Sources */ = {isa = PBXBuildFile; fileRef = 41E8F2E72A7CCE310077ED22 /* WelcomeView.swift */; };
		41E8F2EB2A7CCF000077ED22 /* GreetingView.swift in Sources */ = {isa = PBXBuildFile; fileRef = 41E8F2EA2A7CCF000077ED22 /* GreetingView.swift */; };
		41E8F2ED2A7CE54E0077ED22 /* SightList.swift in Sources */ = {isa = PBXBuildFile; fileRef = 41E8F2EC2A7CE54D0077ED22 /* SightList.swift */; };
		41E8F2EF2A7CEF1D0077ED22 /* CircleImage.swift in Sources */ = {isa = PBXBuildFile; fileRef = 41E8F2EE2A7CEF1D0077ED22 /* CircleImage.swift */; };
		41E8F2F12A7CF6510077ED22 /* SightDetail.swift in Sources */ = {isa = PBXBuildFile; fileRef = 41E8F2F02A7CF6510077ED22 /* SightDetail.swift */; };
		41E8F2F32A7CF6DE0077ED22 /* MapView.swift in Sources */ = {isa = PBXBuildFile; fileRef = 41E8F2F22A7CF6DE0077ED22 /* MapView.swift */; };
		41E8F2F52A7CFE1E0077ED22 /* Sight.swift in Sources */ = {isa = PBXBuildFile; fileRef = 41E8F2F42A7CFE1E0077ED22 /* Sight.swift */; };
		41E8F2F82A7CFFFE0077ED22 /* ModelData.swift in Sources */ = {isa = PBXBuildFile; fileRef = 41E8F2F72A7CFFFE0077ED22 /* ModelData.swift */; };
		41E8F2FA2A7D04900077ED22 /* SightRow.swift in Sources */ = {isa = PBXBuildFile; fileRef = 41E8F2F92A7D04900077ED22 /* SightRow.swift */; };
		41E8F2FC2A7D5CC10077ED22 /* FavoriteButton.swift in Sources */ = {isa = PBXBuildFile; fileRef = 41E8F2FB2A7D5CC00077ED22 /* FavoriteButton.swift */; };
/* End PBXBuildFile section */

/* Begin PBXFileReference section */
		41E8F2D62A7CCDF10077ED22 /* TravelApp.app */ = {isa = PBXFileReference; explicitFileType = wrapper.application; includeInIndex = 0; path = TravelApp.app; sourceTree = BUILT_PRODUCTS_DIR; };
		41E8F2D92A7CCDF10077ED22 /* TravelAppApp.swift */ = {isa = PBXFileReference; lastKnownFileType = sourcecode.swift; path = TravelAppApp.swift; sourceTree = "<group>"; };
		41E8F2DB2A7CCDF10077ED22 /* ContentView.swift */ = {isa = PBXFileReference; lastKnownFileType = sourcecode.swift; path = ContentView.swift; sourceTree = "<group>"; };
		41E8F2DD2A7CCDF60077ED22 /* Assets.xcassets */ = {isa = PBXFileReference; lastKnownFileType = folder.assetcatalog; path = Assets.xcassets; sourceTree = "<group>"; };
		41E8F2E02A7CCDF60077ED22 /* Preview Assets.xcassets */ = {isa = PBXFileReference; lastKnownFileType = folder.assetcatalog; path = "Preview Assets.xcassets"; sourceTree = "<group>"; };
		41E8F2E72A7CCE310077ED22 /* WelcomeView.swift */ = {isa = PBXFileReference; lastKnownFileType = sourcecode.swift; path = WelcomeView.swift; sourceTree = "<group>"; };
		41E8F2EA2A7CCF000077ED22 /* GreetingView.swift */ = {isa = PBXFileReference; lastKnownFileType = sourcecode.swift; path = GreetingView.swift; sourceTree = "<group>"; };
		41E8F2EC2A7CE54D0077ED22 /* SightList.swift */ = {isa = PBXFileReference; lastKnownFileType = sourcecode.swift; path = SightList.swift; sourceTree = "<group>"; };
		41E8F2EE2A7CEF1D0077ED22 /* CircleImage.swift */ = {isa = PBXFileReference; lastKnownFileType = sourcecode.swift; path = CircleImage.swift; sourceTree = "<group>"; };
		41E8F2F02A7CF6510077ED22 /* SightDetail.swift */ = {isa = PBXFileReference; lastKnownFileType = sourcecode.swift; path = SightDetail.swift; sourceTree = "<group>"; };
		41E8F2F22A7CF6DE0077ED22 /* MapView.swift */ = {isa = PBXFileReference; lastKnownFileType = sourcecode.swift; path = MapView.swift; sourceTree = "<group>"; };
		41E8F2F42A7CFE1E0077ED22 /* Sight.swift */ = {isa = PBXFileReference; lastKnownFileType = sourcecode.swift; path = Sight.swift; sourceTree = "<group>"; };
		41E8F2F72A7CFFFE0077ED22 /* ModelData.swift */ = {isa = PBXFileReference; lastKnownFileType = sourcecode.swift; path = ModelData.swift; sourceTree = "<group>"; };
		41E8F2F92A7D04900077ED22 /* SightRow.swift */ = {isa = PBXFileReference; lastKnownFileType = sourcecode.swift; path = SightRow.swift; sourceTree = "<group>"; };
		41E8F2FB2A7D5CC00077ED22 /* FavoriteButton.swift */ = {isa = PBXFileReference; lastKnownFileType = sourcecode.swift; path = FavoriteButton.swift; sourceTree = "<group>"; };
/* End PBXFileReference section */

/* Begin PBXFrameworksBuildPhase section */
		41E8F2D32A7CCDF10077ED22 /* Frameworks */ = {
			isa = PBXFrameworksBuildPhase;
			buildActionMask = 2147483647;
			files = (
			);
			runOnlyForDeploymentPostprocessing = 0;
		};
/* End PBXFrameworksBuildPhase section */

/* Begin PBXGroup section */
		41E8F2CD2A7CCDF10077ED22 = {
			isa = PBXGroup;
			children = (
				41E8F2D82A7CCDF10077ED22 /* TravelApp */,
				41E8F2D72A7CCDF10077ED22 /* Products */,
			);
			sourceTree = "<group>";
		};
		41E8F2D72A7CCDF10077ED22 /* Products */ = {
			isa = PBXGroup;
			children = (
				41E8F2D62A7CCDF10077ED22 /* TravelApp.app */,
			);
			name = Products;
			sourceTree = "<group>";
		};
		41E8F2D82A7CCDF10077ED22 /* TravelApp */ = {
			isa = PBXGroup;
			children = (
				41E8F2D92A7CCDF10077ED22 /* TravelAppApp.swift */,
				41E8F2DB2A7CCDF10077ED22 /* ContentView.swift */,
				41E8F2E72A7CCE310077ED22 /* WelcomeView.swift */,
				41E8F2EA2A7CCF000077ED22 /* GreetingView.swift */,
				41E8F2EC2A7CE54D0077ED22 /* SightList.swift */,
				41E8F2EE2A7CEF1D0077ED22 /* CircleImage.swift */,
				41E8F2F02A7CF6510077ED22 /* SightDetail.swift */,
				41E8F2F22A7CF6DE0077ED22 /* MapView.swift */,
				41E8F2F92A7D04900077ED22 /* SightRow.swift */,
				41E8F2FB2A7D5CC00077ED22 /* FavoriteButton.swift */,
				41E8F2F62A7CFE230077ED22 /* Model  */,
				41E8F2DD2A7CCDF60077ED22 /* Assets.xcassets */,
				41E8F2DF2A7CCDF60077ED22 /* Preview Content */,
			);
			path = TravelApp;
			sourceTree = "<group>";
		};
		41E8F2DF2A7CCDF60077ED22 /* Preview Content */ = {
			isa = PBXGroup;
			children = (
				41E8F2E02A7CCDF60077ED22 /* Preview Assets.xcassets */,
			);
			path = "Preview Content";
			sourceTree = "<group>";
		};
		41E8F2F62A7CFE230077ED22 /* Model  */ = {
			isa = PBXGroup;
			children = (
				41E8F2F42A7CFE1E0077ED22 /* Sight.swift */,
				41E8F2F72A7CFFFE0077ED22 /* ModelData.swift */,
			);
			path = "Model ";
			sourceTree = "<group>";
		};
/* End PBXGroup section */

/* Begin PBXNativeTarget section */
		41E8F2D52A7CCDF10077ED22 /* TravelApp */ = {
			isa = PBXNativeTarget;
			buildConfigurationList = 41E8F2E42A7CCDF60077ED22 /* Build configuration list for PBXNativeTarget "TravelApp" */;
			buildPhases = (
				41E8F2D22A7CCDF10077ED22 /* Sources */,
				41E8F2D32A7CCDF10077ED22 /* Frameworks */,
				41E8F2D42A7CCDF10077ED22 /* Resources */,
			);
			buildRules = (
			);
			dependencies = (
			);
			name = TravelApp;
			productName = TravelApp;
			productReference = 41E8F2D62A7CCDF10077ED22 /* TravelApp.app */;
			productType = "com.apple.product-type.application";
		};
/* End PBXNativeTarget section */

/* Begin PBXProject section */
		41E8F2CE2A7CCDF10077ED22 /* Project object */ = {
			isa = PBXProject;
			attributes = {
				BuildIndependentTargetsInParallel = 1;
				LastSwiftUpdateCheck = 1430;
				LastUpgradeCheck = 1430;
				TargetAttributes = {
					41E8F2D52A7CCDF10077ED22 = {
						CreatedOnToolsVersion = 14.3.1;
					};
				};
			};
			buildConfigurationList = 41E8F2D12A7CCDF10077ED22 /* Build configuration list for PBXProject "TravelApp" */;
			compatibilityVersion = "Xcode 14.0";
			developmentRegion = en;
			hasScannedForEncodings = 0;
			knownRegions = (
				en,
				Base,
			);
			mainGroup = 41E8F2CD2A7CCDF10077ED22;
			productRefGroup = 41E8F2D72A7CCDF10077ED22 /* Products */;
			projectDirPath = "";
			projectRoot = "";
			targets = (
				41E8F2D52A7CCDF10077ED22 /* TravelApp */,
			);
		};
/* End PBXProject section */

/* Begin PBXResourcesBuildPhase section */
		41E8F2D42A7CCDF10077ED22 /* Resources */ = {
			isa = PBXResourcesBuildPhase;
			buildActionMask = 2147483647;
			files = (
				41E8F2E12A7CCDF60077ED22 /* Preview Assets.xcassets in Resources */,
				41E8F2DE2A7CCDF60077ED22 /* Assets.xcassets in Resources */,
			);
			runOnlyForDeploymentPostprocessing = 0;
		};
/* End PBXResourcesBuildPhase section */

/* Begin PBXSourcesBuildPhase section */
		41E8F2D22A7CCDF10077ED22 /* Sources */ = {
			isa = PBXSourcesBuildPhase;
			buildActionMask = 2147483647;
			files = (
				41E8F2FA2A7D04900077ED22 /* SightRow.swift in Sources */,
				41E8F2F52A7CFE1E0077ED22 /* Sight.swift in Sources */,
				41E8F2ED2A7CE54E0077ED22 /* SightList.swift in Sources */,
				41E8F2FC2A7D5CC10077ED22 /* FavoriteButton.swift in Sources */,
				41E8F2F32A7CF6DE0077ED22 /* MapView.swift in Sources */,
				41E8F2DC2A7CCDF10077ED22 /* ContentView.swift in Sources */,
				41E8F2EB2A7CCF000077ED22 /* GreetingView.swift in Sources */,
				41E8F2E82A7CCE310077ED22 /* WelcomeView.swift in Sources */,
				41E8F2DA2A7CCDF10077ED22 /* TravelAppApp.swift in Sources */,
				41E8F2F82A7CFFFE0077ED22 /* ModelData.swift in Sources */,
				41E8F2F12A7CF6510077ED22 /* SightDetail.swift in Sources */,
				41E8F2EF2A7CEF1D0077ED22 /* CircleImage.swift in Sources */,
			);
			runOnlyForDeploymentPostprocessing = 0;
		};
/* End PBXSourcesBuildPhase section */

/* Begin XCBuildConfiguration section */
		41E8F2E22A7CCDF60077ED22 /* Debug */ = {
			isa = XCBuildConfiguration;
			buildSettings = {
				ALWAYS_SEARCH_USER_PATHS = NO;
				CLANG_ANALYZER_NONNULL = YES;
				CLANG_ANALYZER_NUMBER_OBJECT_CONVERSION = YES_AGGRESSIVE;
				CLANG_CXX_LANGUAGE_STANDARD = "gnu++20";
				CLANG_ENABLE_MODULES = YES;
				CLANG_ENABLE_OBJC_ARC = YES;
				CLANG_ENABLE_OBJC_WEAK = YES;
				CLANG_WARN_BLOCK_CAPTURE_AUTORELEASING = YES;
				CLANG_WARN_BOOL_CONVERSION = YES;
				CLANG_WARN_COMMA = YES;
				CLANG_WARN_CONSTANT_CONVERSION = YES;
				CLANG_WARN_DEPRECATED_OBJC_IMPLEMENTATIONS = YES;
				CLANG_WARN_DIRECT_OBJC_ISA_USAGE = YES_ERROR;
				CLANG_WARN_DOCUMENTATION_COMMENTS = YES;
				CLANG_WARN_EMPTY_BODY = YES;
				CLANG_WARN_ENUM_CONVERSION = YES;
				CLANG_WARN_INFINITE_RECURSION = YES;
				CLANG_WARN_INT_CONVERSION = YES;
				CLANG_WARN_NON_LITERAL_NULL_CONVERSION = YES;
				CLANG_WARN_OBJC_IMPLICIT_RETAIN_SELF = YES;
				CLANG_WARN_OBJC_LITERAL_CONVERSION = YES;
				CLANG_WARN_OBJC_ROOT_CLASS = YES_ERROR;
				CLANG_WARN_QUOTED_INCLUDE_IN_FRAMEWORK_HEADER = YES;
				CLANG_WARN_RANGE_LOOP_ANALYSIS = YES;
				CLANG_WARN_STRICT_PROTOTYPES = YES;
				CLANG_WARN_SUSPICIOUS_MOVE = YES;
				CLANG_WARN_UNGUARDED_AVAILABILITY = YES_AGGRESSIVE;
				CLANG_WARN_UNREACHABLE_CODE = YES;
				CLANG_WARN__DUPLICATE_METHOD_MATCH = YES;
				COPY_PHASE_STRIP = NO;
				DEBUG_INFORMATION_FORMAT = dwarf;
				ENABLE_STRICT_OBJC_MSGSEND = YES;
				ENABLE_TESTABILITY = YES;
				GCC_C_LANGUAGE_STANDARD = gnu11;
				GCC_DYNAMIC_NO_PIC = NO;
				GCC_NO_COMMON_BLOCKS = YES;
				GCC_OPTIMIZATION_LEVEL = 0;
				GCC_PREPROCESSOR_DEFINITIONS = (
					"DEBUG=1",
					"$(inherited)",
				);
				GCC_WARN_64_TO_32_BIT_CONVERSION = YES;
				GCC_WARN_ABOUT_RETURN_TYPE = YES_ERROR;
				GCC_WARN_UNDECLARED_SELECTOR = YES;
				GCC_WARN_UNINITIALIZED_AUTOS = YES_AGGRESSIVE;
				GCC_WARN_UNUSED_FUNCTION = YES;
				GCC_WARN_UNUSED_VARIABLE = YES;
				IPHONEOS_DEPLOYMENT_TARGET = 16.4;
				MTL_ENABLE_DEBUG_INFO = INCLUDE_SOURCE;
				MTL_FAST_MATH = YES;
				ONLY_ACTIVE_ARCH = YES;
				SDKROOT = iphoneos;
				SWIFT_ACTIVE_COMPILATION_CONDITIONS = DEBUG;
				SWIFT_OPTIMIZATION_LEVEL = "-Onone";
			};
			name = Debug;
		};
		41E8F2E32A7CCDF60077ED22 /* Release */ = {
			isa = XCBuildConfiguration;
			buildSettings = {
				ALWAYS_SEARCH_USER_PATHS = NO;
				CLANG_ANALYZER_NONNULL = YES;
				CLANG_ANALYZER_NUMBER_OBJECT_CONVERSION = YES_AGGRESSIVE;
				CLANG_CXX_LANGUAGE_STANDARD = "gnu++20";
				CLANG_ENABLE_MODULES = YES;
				CLANG_ENABLE_OBJC_ARC = YES;
				CLANG_ENABLE_OBJC_WEAK = YES;
				CLANG_WARN_BLOCK_CAPTURE_AUTORELEASING = YES;
				CLANG_WARN_BOOL_CONVERSION = YES;
				CLANG_WARN_COMMA = YES;
				CLANG_WARN_CONSTANT_CONVERSION = YES;
				CLANG_WARN_DEPRECATED_OBJC_IMPLEMENTATIONS = YES;
				CLANG_WARN_DIRECT_OBJC_ISA_USAGE = YES_ERROR;
				CLANG_WARN_DOCUMENTATION_COMMENTS = YES;
				CLANG_WARN_EMPTY_BODY = YES;
				CLANG_WARN_ENUM_CONVERSION = YES;
				CLANG_WARN_INFINITE_RECURSION = YES;
				CLANG_WARN_INT_CONVERSION = YES;
				CLANG_WARN_NON_LITERAL_NULL_CONVERSION = YES;
				CLANG_WARN_OBJC_IMPLICIT_RETAIN_SELF = YES;
				CLANG_WARN_OBJC_LITERAL_CONVERSION = YES;
				CLANG_WARN_OBJC_ROOT_CLASS = YES_ERROR;
				CLANG_WARN_QUOTED_INCLUDE_IN_FRAMEWORK_HEADER = YES;
				CLANG_WARN_RANGE_LOOP_ANALYSIS = YES;
				CLANG_WARN_STRICT_PROTOTYPES = YES;
				CLANG_WARN_SUSPICIOUS_MOVE = YES;
				CLANG_WARN_UNGUARDED_AVAILABILITY = YES_AGGRESSIVE;
				CLANG_WARN_UNREACHABLE_CODE = YES;
				CLANG_WARN__DUPLICATE_METHOD_MATCH = YES;
				COPY_PHASE_STRIP = NO;
				DEBUG_INFORMATION_FORMAT = "dwarf-with-dsym";
				ENABLE_NS_ASSERTIONS = NO;
				ENABLE_STRICT_OBJC_MSGSEND = YES;
				GCC_C_LANGUAGE_STANDARD = gnu11;
				GCC_NO_COMMON_BLOCKS = YES;
				GCC_WARN_64_TO_32_BIT_CONVERSION = YES;
				GCC_WARN_ABOUT_RETURN_TYPE = YES_ERROR;
				GCC_WARN_UNDECLARED_SELECTOR = YES;
				GCC_WARN_UNINITIALIZED_AUTOS = YES_AGGRESSIVE;
				GCC_WARN_UNUSED_FUNCTION = YES;
				GCC_WARN_UNUSED_VARIABLE = YES;
				IPHONEOS_DEPLOYMENT_TARGET = 16.4;
				MTL_ENABLE_DEBUG_INFO = NO;
				MTL_FAST_MATH = YES;
				SDKROOT = iphoneos;
				SWIFT_COMPILATION_MODE = wholemodule;
				SWIFT_OPTIMIZATION_LEVEL = "-O";
				VALIDATE_PRODUCT = YES;
			};
			name = Release;
		};
		41E8F2E52A7CCDF60077ED22 /* Debug */ = {
			isa = XCBuildConfiguration;
			buildSettings = {
				ASSETCATALOG_COMPILER_APPICON_NAME = AppIcon;
				ASSETCATALOG_COMPILER_GLOBAL_ACCENT_COLOR_NAME = AccentColor;
				CODE_SIGN_STYLE = Automatic;
				CURRENT_PROJECT_VERSION = 1;
				DEVELOPMENT_ASSET_PATHS = "\"TravelApp/Preview Content\"";
				ENABLE_PREVIEWS = YES;
				GENERATE_INFOPLIST_FILE = YES;
				INFOPLIST_KEY_UIApplicationSceneManifest_Generation = YES;
				INFOPLIST_KEY_UIApplicationSupportsIndirectInputEvents = YES;
				INFOPLIST_KEY_UILaunchScreen_Generation = YES;
				INFOPLIST_KEY_UISupportedInterfaceOrientations_iPad = "UIInterfaceOrientationPortrait UIInterfaceOrientationPortraitUpsideDown UIInterfaceOrientationLandscapeLeft UIInterfaceOrientationLandscapeRight";
				INFOPLIST_KEY_UISupportedInterfaceOrientations_iPhone = "UIInterfaceOrientationPortrait UIInterfaceOrientationLandscapeLeft UIInterfaceOrientationLandscapeRight";
				LD_RUNPATH_SEARCH_PATHS = (
					"$(inherited)",
					"@executable_path/Frameworks",
				);
				MARKETING_VERSION = 1.0;
				PRODUCT_BUNDLE_IDENTIFIER = vn.edu.rmit.huynguyen.TravelApp;
				PRODUCT_NAME = "$(TARGET_NAME)";
				SWIFT_EMIT_LOC_STRINGS = YES;
				SWIFT_VERSION = 5.0;
				TARGETED_DEVICE_FAMILY = "1,2";
			};
			name = Debug;
		};
		41E8F2E62A7CCDF60077ED22 /* Release */ = {
			isa = XCBuildConfiguration;
			buildSettings = {
				ASSETCATALOG_COMPILER_APPICON_NAME = AppIcon;
				ASSETCATALOG_COMPILER_GLOBAL_ACCENT_COLOR_NAME = AccentColor;
				CODE_SIGN_STYLE = Automatic;
				CURRENT_PROJECT_VERSION = 1;
				DEVELOPMENT_ASSET_PATHS = "\"TravelApp/Preview Content\"";
				ENABLE_PREVIEWS = YES;
				GENERATE_INFOPLIST_FILE = YES;
				INFOPLIST_KEY_UIApplicationSceneManifest_Generation = YES;
				INFOPLIST_KEY_UIApplicationSupportsIndirectInputEvents = YES;
				INFOPLIST_KEY_UILaunchScreen_Generation = YES;
				INFOPLIST_KEY_UISupportedInterfaceOrientations_iPad = "UIInterfaceOrientationPortrait UIInterfaceOrientationPortraitUpsideDown UIInterfaceOrientationLandscapeLeft UIInterfaceOrientationLandscapeRight";
				INFOPLIST_KEY_UISupportedInterfaceOrientations_iPhone = "UIInterfaceOrientationPortrait UIInterfaceOrientationLandscapeLeft UIInterfaceOrientationLandscapeRight";
				LD_RUNPATH_SEARCH_PATHS = (
					"$(inherited)",
					"@executable_path/Frameworks",
				);
				MARKETING_VERSION = 1.0;
				PRODUCT_BUNDLE_IDENTIFIER = vn.edu.rmit.huynguyen.TravelApp;
				PRODUCT_NAME = "$(TARGET_NAME)";
				SWIFT_EMIT_LOC_STRINGS = YES;
				SWIFT_VERSION = 5.0;
				TARGETED_DEVICE_FAMILY = "1,2";
			};
			name = Release;
		};
/* End XCBuildConfiguration section */

/* Begin XCConfigurationList section */
		41E8F2D12A7CCDF10077ED22 /* Build configuration list for PBXProject "TravelApp" */ = {
			isa = XCConfigurationList;
			buildConfigurations = (
				41E8F2E22A7CCDF60077ED22 /* Debug */,
				41E8F2E32A7CCDF60077ED22 /* Release */,
			);
			defaultConfigurationIsVisible = 0;
			defaultConfigurationName = Release;
		};
		41E8F2E42A7CCDF60077ED22 /* Build configuration list for PBXNativeTarget "TravelApp" */ = {
			isa = XCConfigurationList;
			buildConfigurations = (
				41E8F2E52A7CCDF60077ED22 /* Debug */,
				41E8F2E62A7CCDF60077ED22 /* Release */,
			);
			defaultConfigurationIsVisible = 0;
			defaultConfigurationName = Release;
		};
/* End XCConfigurationList section */
	};
	rootObject = 41E8F2CE2A7CCDF10077ED22 /* Project object */;
}
